// !$*UTF8*$!
{
	archiveVersion = 1;
	classes = {
	};
	objectVersion = 46;
	objects = {

/* Begin PBXBuildFile section */
		2A1E0BE81DB90405005E317F /* main.cpp in Sources */ = {isa = PBXBuildFile; fileRef = 2A1E0BE71DB90405005E317F /* main.cpp */; };
		2A4E434B1DEC67F0005079D1 /* SeqList.c in Sources */ = {isa = PBXBuildFile; fileRef = 2A4E43491DEC67F0005079D1 /* SeqList.c */; };
		2A99D94A1DEBBAE900DC101B /* LinkList.c in Sources */ = {isa = PBXBuildFile; fileRef = 2A99D9481DEBBAE900DC101B /* LinkList.c */; };
/* End PBXBuildFile section */

/* Begin PBXCopyFilesBuildPhase section */
		2A1E0BE21DB90405005E317F /* CopyFiles */ = {
			isa = PBXCopyFilesBuildPhase;
			buildActionMask = 2147483647;
			dstPath = /usr/share/man/man1/;
			dstSubfolderSpec = 0;
			files = (
			);
			runOnlyForDeploymentPostprocessing = 1;
		};
/* End PBXCopyFilesBuildPhase section */

/* Begin PBXFileReference section */
		2A1E0BE41DB90405005E317F /* DataStruct */ = {isa = PBXFileReference; explicitFileType = "compiled.mach-o.executable"; includeInIndex = 0; path = DataStruct; sourceTree = BUILT_PRODUCTS_DIR; };
		2A1E0BE71DB90405005E317F /* main.cpp */ = {isa = PBXFileReference; lastKnownFileType = sourcecode.cpp.cpp; path = main.cpp; sourceTree = "<group>"; };
		2A44C0B31E0E3CD500303951 /* SeqQueue.hpp */ = {isa = PBXFileReference; fileEncoding = 4; lastKnownFileType = sourcecode.cpp.h; path = SeqQueue.hpp; sourceTree = "<group>"; };
		2A4E43491DEC67F0005079D1 /* SeqList.c */ = {isa = PBXFileReference; fileEncoding = 4; lastKnownFileType = sourcecode.c.c; path = SeqList.c; sourceTree = "<group>"; };
		2A4E434A1DEC67F0005079D1 /* SeqList.h */ = {isa = PBXFileReference; fileEncoding = 4; lastKnownFileType = sourcecode.c.h; path = SeqList.h; sourceTree = "<group>"; };
		2A8130DF1E06C6ED00633542 /* SeqStack.hpp */ = {isa = PBXFileReference; fileEncoding = 4; lastKnownFileType = sourcecode.cpp.h; path = SeqStack.hpp; sourceTree = "<group>"; };
		2A99D9481DEBBAE900DC101B /* LinkList.c */ = {isa = PBXFileReference; fileEncoding = 4; lastKnownFileType = sourcecode.c.c; path = LinkList.c; sourceTree = "<group>"; };
		2A99D9491DEBBAE900DC101B /* LinkList.h */ = {isa = PBXFileReference; fileEncoding = 4; lastKnownFileType = sourcecode.c.h; path = LinkList.h; sourceTree = "<group>"; };
		2AA17D891E2512960045E0A7 /* SeqTree.hpp */ = {isa = PBXFileReference; fileEncoding = 4; lastKnownFileType = sourcecode.cpp.h; path = SeqTree.hpp; sourceTree = "<group>"; };
		2AA61A111E090563008A0A99 /* LinkStack.hpp */ = {isa = PBXFileReference; fileEncoding = 4; lastKnownFileType = sourcecode.cpp.h; path = LinkStack.hpp; sourceTree = "<group>"; };
/* End PBXFileReference section */

/* Begin PBXFrameworksBuildPhase section */
		2A1E0BE11DB90405005E317F /* Frameworks */ = {
			isa = PBXFrameworksBuildPhase;
			buildActionMask = 2147483647;
			files = (
			);
			runOnlyForDeploymentPostprocessing = 0;
		};
/* End PBXFrameworksBuildPhase section */

/* Begin PBXGroup section */
		2A1E0BDB1DB90405005E317F = {
			isa = PBXGroup;
			children = (
				2A1E0BE61DB90405005E317F /* DataStruct */,
				2A1E0BE51DB90405005E317F /* Products */,
			);
			sourceTree = "<group>";
		};
		2A1E0BE51DB90405005E317F /* Products */ = {
			isa = PBXGroup;
			children = (
				2A1E0BE41DB90405005E317F /* DataStruct */,
			);
			name = Products;
			sourceTree = "<group>";
		};
		2A1E0BE61DB90405005E317F /* DataStruct */ = {
			isa = PBXGroup;
			children = (
				2A1E0BE71DB90405005E317F /* main.cpp */,
				2A4E434A1DEC67F0005079D1 /* SeqList.h */,
				2A4E43491DEC67F0005079D1 /* SeqList.c */,
				2A99D9491DEBBAE900DC101B /* LinkList.h */,
				2A99D9481DEBBAE900DC101B /* LinkList.c */,
				2A8130DF1E06C6ED00633542 /* SeqStack.hpp */,
				2AA61A111E090563008A0A99 /* LinkStack.hpp */,
				2A44C0B31E0E3CD500303951 /* SeqQueue.hpp */,
				2AA17D891E2512960045E0A7 /* SeqTree.hpp */,
			);
			path = DataStruct;
			sourceTree = "<group>";
		};
/* End PBXGroup section */

/* Begin PBXNativeTarget section */
		2A1E0BE31DB90405005E317F /* DataStruct */ = {
			isa = PBXNativeTarget;
			buildConfigurationList = 2A1E0BEB1DB90405005E317F /* Build configuration list for PBXNativeTarget "DataStruct" */;
			buildPhases = (
				2A1E0BE01DB90405005E317F /* Sources */,
				2A1E0BE11DB90405005E317F /* Frameworks */,
				2A1E0BE21DB90405005E317F /* CopyFiles */,
			);
			buildRules = (
			);
			dependencies = (
			);
			name = DataStruct;
			productName = DataStruct;
			productReference = 2A1E0BE41DB90405005E317F /* DataStruct */;
			productType = "com.apple.product-type.tool";
		};
/* End PBXNativeTarget section */

/* Begin PBXProject section */
		2A1E0BDC1DB90405005E317F /* Project object */ = {
			isa = PBXProject;
			attributes = {
				LastUpgradeCheck = 0810;
				ORGANIZATIONNAME = cjfire;
				TargetAttributes = {
					2A1E0BE31DB90405005E317F = {
						CreatedOnToolsVersion = 7.3.1;
					};
				};
			};
			buildConfigurationList = 2A1E0BDF1DB90405005E317F /* Build configuration list for PBXProject "DataStruct" */;
			compatibilityVersion = "Xcode 3.2";
			developmentRegion = English;
			hasScannedForEncodings = 0;
			knownRegions = (
				en,
			);
			mainGroup = 2A1E0BDB1DB90405005E317F;
			productRefGroup = 2A1E0BE51DB90405005E317F /* Products */;
			projectDirPath = "";
			projectRoot = "";
			targets = (
				2A1E0BE31DB90405005E317F /* DataStruct */,
			);
		};
/* End PBXProject section */

/* Begin PBXSourcesBuildPhase section */
		2A1E0BE01DB90405005E317F /* Sources */ = {
			isa = PBXSourcesBuildPhase;
			buildActionMask = 2147483647;
			files = (
				2A1E0BE81DB90405005E317F /* main.cpp in Sources */,
				2A99D94A1DEBBAE900DC101B /* LinkList.c in Sources */,
				2A4E434B1DEC67F0005079D1 /* SeqList.c in Sources */,
			);
			runOnlyForDeploymentPostprocessing = 0;
		};
/* End PBXSourcesBuildPhase section */

/* Begin XCBuildConfiguration section */
		2A1E0BE91DB90405005E317F /* Debug */ = {
			isa = XCBuildConfiguration;
			buildSettings = {
				ALWAYS_SEARCH_USER_PATHS = NO;
				CLANG_ANALYZER_NONNULL = YES;
				CLANG_CXX_LANGUAGE_STANDARD = "gnu++0x";
				CLANG_CXX_LIBRARY = "libc++";
				CLANG_ENABLE_MODULES = YES;
				CLANG_ENABLE_OBJC_ARC = YES;
				CLANG_WARN_BOOL_CONVERSION = YES;
				CLANG_WARN_CONSTANT_CONVERSION = YES;
				CLANG_WARN_DIRECT_OBJC_ISA_USAGE = YES_ERROR;
				CLANG_WARN_EMPTY_BODY = YES;
				CLANG_WARN_ENUM_CONVERSION = YES;
				CLANG_WARN_INFINITE_RECURSION = YES;
				CLANG_WARN_INT_CONVERSION = YES;
				CLANG_WARN_OBJC_ROOT_CLASS = YES_ERROR;
				CLANG_WARN_SUSPICIOUS_MOVE = YES;
				CLANG_WARN_UNREACHABLE_CODE = YES;
				CLANG_WARN__DUPLICATE_METHOD_MATCH = YES;
				CODE_SIGN_IDENTITY = "-";
				COPY_PHASE_STRIP = NO;
				DEBUG_INFORMATION_FORMAT = dwarf;
				ENABLE_STRICT_OBJC_MSGSEND = YES;
				ENABLE_TESTABILITY = YES;
				GCC_C_LANGUAGE_STANDARD = gnu99;
				GCC_DYNAMIC_NO_PIC = NO;
				GCC_NO_COMMON_BLOCKS = YES;
				GCC_OPTIMIZATION_LEVEL = 0;
				GCC_PREPROCESSOR_DEFINITIONS = (
					"DEBUG=1",
					"$(inherited)",
				);
				GCC_WARN_64_TO_32_BIT_CONVERSION = YES;
				GCC_WARN_ABOUT_RETURN_TYPE = YES_ERROR;
				GCC_WARN_UNDECLARED_SELECTOR = YES;
				GCC_WARN_UNINITIALIZED_AUTOS = YES_AGGRESSIVE;
				GCC_WARN_UNUSED_FUNCTION = YES;
				GCC_WARN_UNUSED_VARIABLE = YES;
				MACOSX_DEPLOYMENT_TARGET = 10.11;
				MTL_ENABLE_DEBUG_INFO = YES;
				ONLY_ACTIVE_ARCH = YES;
				SDKROOT = macosx;
			};
			name = Debug;
		};
		2A1E0BEA1DB90405005E317F /* Release */ = {
			isa = XCBuildConfiguration;
			buildSettings = {
				ALWAYS_SEARCH_USER_PATHS = NO;
				CLANG_ANALYZER_NONNULL = YES;
				CLANG_CXX_LANGUAGE_STANDARD = "gnu++0x";
				CLANG_CXX_LIBRARY = "libc++";
				CLANG_ENABLE_MODULES = YES;
				CLANG_ENABLE_OBJC_ARC = YES;
				CLANG_WARN_BOOL_CONVERSION = YES;
				CLANG_WARN_CONSTANT_CONVERSION = YES;
				CLANG_WARN_DIRECT_OBJC_ISA_USAGE = YES_ERROR;
				CLANG_WARN_EMPTY_BODY = YES;
				CLANG_WARN_ENUM_CONVERSION = YES;
				CLANG_WARN_INFINITE_RECURSION = YES;
				CLANG_WARN_INT_CONVERSION = YES;
				CLANG_WARN_OBJC_ROOT_CLASS = YES_ERROR;
				CLANG_WARN_SUSPICIOUS_MOVE = YES;
				CLANG_WARN_UNREACHABLE_CODE = YES;
				CLANG_WARN__DUPLICATE_METHOD_MATCH = YES;
				CODE_SIGN_IDENTITY = "-";
				COPY_PHASE_STRIP = NO;
				DEBUG_INFORMATION_FORMAT = "dwarf-with-dsym";
				ENABLE_NS_ASSERTIONS = NO;
				ENABLE_STRICT_OBJC_MSGSEND = YES;
				GCC_C_LANGUAGE_STANDARD = gnu99;
				GCC_NO_COMMON_BLOCKS = YES;
				GCC_WARN_64_TO_32_BIT_CONVERSION = YES;
				GCC_WARN_ABOUT_RETURN_TYPE = YES_ERROR;
				GCC_WARN_UNDECLARED_SELECTOR = YES;
				GCC_WARN_UNINITIALIZED_AUTOS = YES_AGGRESSIVE;
				GCC_WARN_UNUSED_FUNCTION = YES;
				GCC_WARN_UNUSED_VARIABLE = YES;
				MACOSX_DEPLOYMENT_TARGET = 10.11;
				MTL_ENABLE_DEBUG_INFO = NO;
				SDKROOT = macosx;
			};
			name = Release;
		};
		2A1E0BEC1DB90405005E317F /* Debug */ = {
			isa = XCBuildConfiguration;
			buildSettings = {
				PRODUCT_NAME = "$(TARGET_NAME)";
			};
			name = Debug;
		};
		2A1E0BED1DB90405005E317F /* Release */ = {
			isa = XCBuildConfiguration;
			buildSettings = {
				PRODUCT_NAME = "$(TARGET_NAME)";
			};
			name = Release;
		};
/* End XCBuildConfiguration section */

/* Begin XCConfigurationList section */
		2A1E0BDF1DB90405005E317F /* Build configuration list for PBXProject "DataStruct" */ = {
			isa = XCConfigurationList;
			buildConfigurations = (
				2A1E0BE91DB90405005E317F /* Debug */,
				2A1E0BEA1DB90405005E317F /* Release */,
			);
			defaultConfigurationIsVisible = 0;
			defaultConfigurationName = Release;
		};
		2A1E0BEB1DB90405005E317F /* Build configuration list for PBXNativeTarget "DataStruct" */ = {
			isa = XCConfigurationList;
			buildConfigurations = (
				2A1E0BEC1DB90405005E317F /* Debug */,
				2A1E0BED1DB90405005E317F /* Release */,
			);
			defaultConfigurationIsVisible = 0;
			defaultConfigurationName = Release;
		};
/* End XCConfigurationList section */
	};
	rootObject = 2A1E0BDC1DB90405005E317F /* Project object */;
}
